
Microsoft Visual Studio Solution File, Format Version 12.00
# Visual Studio 15
VisualStudioVersion = 15.0.27703.2000
MinimumVisualStudioVersion = 10.0.40219.1
Project("{FAE04EC0-301F-11D3-BF4B-00C04F79EFBC}") = "ConsoleApp", "ConsoleApp\ConsoleApp.csproj", "{4A71BC7A-7119-4CF6-8AD7-130238C34CFF}"
EndProject
Project("{FAE04EC0-301F-11D3-BF4B-00C04F79EFBC}") = "Model", "Model\Model.csproj", "{49B392D9-4447-4DE6-BCCB-CB62BCAB8964}"
EndProject
Global
	GlobalSection(SolutionConfigurationPlatforms) = preSolution
		Debug|Any CPU = Debug|Any CPU
		Release|Any CPU = Release|Any CPU
	EndGlobalSection
	GlobalSection(ProjectConfigurationPlatforms) = postSolution
		{4A71BC7A-7119-4CF6-8AD7-130238C34CFF}.Debug|Any CPU.ActiveCfg = Debug|Any CPU
		{4A71BC7A-7119-4CF6-8AD7-130238C34CFF}.Debug|Any CPU.Build.0 = Debug|Any CPU
		{4A71BC7A-7119-4CF6-8AD7-130238C34CFF}.Release|Any CPU.ActiveCfg = Release|Any CPU
		{4A71BC7A-7119-4CF6-8AD7-130238C34CFF}.Release|Any CPU.Build.0 = Release|Any CPU
		{49B392D9-4447-4DE6-BCCB-CB62BCAB8964}.Debug|Any CPU.ActiveCfg = Debug|Any CPU
		{49B392D9-4447-4DE6-BCCB-CB62BCAB8964}.Debug|Any CPU.Build.0 = Debug|Any CPU
		{49B392D9-4447-4DE6-BCCB-CB62BCAB8964}.Release|Any CPU.ActiveCfg = Release|Any CPU
		{49B392D9-4447-4DE6-BCCB-CB62BCAB8964}.Release|Any CPU.Build.0 = Release|Any CPU
	EndGlobalSection
	GlobalSection(SolutionProperties) = preSolution
		HideSolutionNode = FALSE
	EndGlobalSection
	GlobalSection(ExtensibilityGlobals) = postSolution
		SolutionGuid = {E8E74BBC-9E61-4B62-9519-B6C0738EFF7B}
	EndGlobalSection
EndGlobal
